
Microsoft Visual Studio Solution File, Format Version 12.00
# Visual Studio Version 17
VisualStudioVersion = 17.10.35013.160
MinimumVisualStudioVersion = 10.0.40219.1
Project("{FAE04EC0-301F-11D3-BF4B-00C04F79EFBC}") = "KK_MaleBreathVR", "KK_MaleBreathVR\KK_MaleBreathVR.csproj", "{57371E5A-318F-454A-AB61-B7DC9ABFAE09}"
EndProject
Global
	GlobalSection(SolutionConfigurationPlatforms) = preSolution
		Debug|Any CPU = Debug|Any CPU
		Release|Any CPU = Release|Any CPU
	EndGlobalSection
	GlobalSection(ProjectConfigurationPlatforms) = postSolution
		{57371E5A-318F-454A-AB61-B7DC9ABFAE09}.Debug|Any CPU.ActiveCfg = Debug|Any CPU
		{57371E5A-318F-454A-AB61-B7DC9ABFAE09}.Debug|Any CPU.Build.0 = Debug|Any CPU
		{57371E5A-318F-454A-AB61-B7DC9ABFAE09}.Release|Any CPU.ActiveCfg = Release|Any CPU
		{57371E5A-318F-454A-AB61-B7DC9ABFAE09}.Release|Any CPU.Build.0 = Release|Any CPU
	EndGlobalSection
	GlobalSection(SolutionProperties) = preSolution
		HideSolutionNode = FALSE
	EndGlobalSection
	GlobalSection(ExtensibilityGlobals) = postSolution
		SolutionGuid = {7DE641B0-0252-4219-B672-636A72654751}
	EndGlobalSection
EndGlobal
